// !$*UTF8*$!
{
	archiveVersion = 1;
	classes = {
	};
	objectVersion = 48;
	objects = {

/* Begin PBXBuildFile section */
		A2B79C952035733800C50054 /* AppDelegate.swift in Sources */ = {isa = PBXBuildFile; fileRef = A2B79C942035733800C50054 /* AppDelegate.swift */; };
		A2B79C972035733800C50054 /* FirstViewController.swift in Sources */ = {isa = PBXBuildFile; fileRef = A2B79C962035733800C50054 /* FirstViewController.swift */; };
		A2B79C992035733800C50054 /* SecondViewController.swift in Sources */ = {isa = PBXBuildFile; fileRef = A2B79C982035733800C50054 /* SecondViewController.swift */; };
		A2B79C9C2035733800C50054 /* Main.storyboard in Resources */ = {isa = PBXBuildFile; fileRef = A2B79C9A2035733800C50054 /* Main.storyboard */; };
		A2B79C9E2035733800C50054 /* Assets.xcassets in Resources */ = {isa = PBXBuildFile; fileRef = A2B79C9D2035733800C50054 /* Assets.xcassets */; };
		A2B79CA12035733800C50054 /* LaunchScreen.storyboard in Resources */ = {isa = PBXBuildFile; fileRef = A2B79C9F2035733800C50054 /* LaunchScreen.storyboard */; };
		A2B79CAC2035733800C50054 /* MyIOSAppTests.swift in Sources */ = {isa = PBXBuildFile; fileRef = A2B79CAB2035733800C50054 /* MyIOSAppTests.swift */; };
		A2B79CB72035733800C50054 /* MyIOSAppUITests.swift in Sources */ = {isa = PBXBuildFile; fileRef = A2B79CB62035733800C50054 /* MyIOSAppUITests.swift */; };
/* End PBXBuildFile section */

/* Begin PBXContainerItemProxy section */
		A2B79CA82035733800C50054 /* PBXContainerItemProxy */ = {
			isa = PBXContainerItemProxy;
			containerPortal = A2B79C892035733800C50054 /* Project object */;
			proxyType = 1;
			remoteGlobalIDString = A2B79C902035733800C50054;
			remoteInfo = MyIOSApp;
		};
		A2B79CB32035733800C50054 /* PBXContainerItemProxy */ = {
			isa = PBXContainerItemProxy;
			containerPortal = A2B79C892035733800C50054 /* Project object */;
			proxyType = 1;
			remoteGlobalIDString = A2B79C902035733800C50054;
			remoteInfo = MyIOSApp;
		};
/* End PBXContainerItemProxy section */

/* Begin PBXFileReference section */
		A2B79C912035733800C50054 /* MyIOSApp.app */ = {isa = PBXFileReference; explicitFileType = wrapper.application; includeInIndex = 0; path = MyIOSApp.app; sourceTree = BUILT_PRODUCTS_DIR; };
		A2B79C942035733800C50054 /* AppDelegate.swift */ = {isa = PBXFileReference; lastKnownFileType = sourcecode.swift; path = AppDelegate.swift; sourceTree = "<group>"; };
		A2B79C962035733800C50054 /* FirstViewController.swift */ = {isa = PBXFileReference; lastKnownFileType = sourcecode.swift; path = FirstViewController.swift; sourceTree = "<group>"; };
		A2B79C982035733800C50054 /* SecondViewController.swift */ = {isa = PBXFileReference; lastKnownFileType = sourcecode.swift; path = SecondViewController.swift; sourceTree = "<group>"; };
		A2B79C9B2035733800C50054 /* Base */ = {isa = PBXFileReference; lastKnownFileType = file.storyboard; name = Base; path = Base.lproj/Main.storyboard; sourceTree = "<group>"; };
		A2B79C9D2035733800C50054 /* Assets.xcassets */ = {isa = PBXFileReference; lastKnownFileType = folder.assetcatalog; path = Assets.xcassets; sourceTree = "<group>"; };
		A2B79CA02035733800C50054 /* Base */ = {isa = PBXFileReference; lastKnownFileType = file.storyboard; name = Base; path = Base.lproj/LaunchScreen.storyboard; sourceTree = "<group>"; };
		A2B79CA22035733800C50054 /* Info.plist */ = {isa = PBXFileReference; lastKnownFileType = text.plist.xml; path = Info.plist; sourceTree = "<group>"; };
		A2B79CA72035733800C50054 /* MyIOSAppTests.xctest */ = {isa = PBXFileReference; explicitFileType = wrapper.cfbundle; includeInIndex = 0; path = MyIOSAppTests.xctest; sourceTree = BUILT_PRODUCTS_DIR; };
		A2B79CAB2035733800C50054 /* MyIOSAppTests.swift */ = {isa = PBXFileReference; lastKnownFileType = sourcecode.swift; path = MyIOSAppTests.swift; sourceTree = "<group>"; };
		A2B79CAD2035733800C50054 /* Info.plist */ = {isa = PBXFileReference; lastKnownFileType = text.plist.xml; path = Info.plist; sourceTree = "<group>"; };
		A2B79CB22035733800C50054 /* MyIOSAppUITests.xctest */ = {isa = PBXFileReference; explicitFileType = wrapper.cfbundle; includeInIndex = 0; path = MyIOSAppUITests.xctest; sourceTree = BUILT_PRODUCTS_DIR; };
		A2B79CB62035733800C50054 /* MyIOSAppUITests.swift */ = {isa = PBXFileReference; lastKnownFileType = sourcecode.swift; path = MyIOSAppUITests.swift; sourceTree = "<group>"; };
		A2B79CB82035733800C50054 /* Info.plist */ = {isa = PBXFileReference; lastKnownFileType = text.plist.xml; path = Info.plist; sourceTree = "<group>"; };
/* End PBXFileReference section */

/* Begin PBXFrameworksBuildPhase section */
		A2B79C8E2035733800C50054 /* Frameworks */ = {
			isa = PBXFrameworksBuildPhase;
			buildActionMask = 2147483647;
			files = (
			);
			runOnlyForDeploymentPostprocessing = 0;
		};
		A2B79CA42035733800C50054 /* Frameworks */ = {
			isa = PBXFrameworksBuildPhase;
			buildActionMask = 2147483647;
			files = (
			);
			runOnlyForDeploymentPostprocessing = 0;
		};
		A2B79CAF2035733800C50054 /* Frameworks */ = {
			isa = PBXFrameworksBuildPhase;
			buildActionMask = 2147483647;
			files = (
			);
			runOnlyForDeploymentPostprocessing = 0;
		};
/* End PBXFrameworksBuildPhase section */

/* Begin PBXGroup section */
		A2B79C882035733800C50054 = {
			isa = PBXGroup;
			children = (
				A2B79C932035733800C50054 /* MyIOSApp */,
				A2B79CAA2035733800C50054 /* MyIOSAppTests */,
				A2B79CB52035733800C50054 /* MyIOSAppUITests */,
				A2B79C922035733800C50054 /* Products */,
			);
			sourceTree = "<group>";
		};
		A2B79C922035733800C50054 /* Products */ = {
			isa = PBXGroup;
			children = (
				A2B79C912035733800C50054 /* MyIOSApp.app */,
				A2B79CA72035733800C50054 /* MyIOSAppTests.xctest */,
				A2B79CB22035733800C50054 /* MyIOSAppUITests.xctest */,
			);
			name = Products;
			sourceTree = "<group>";
		};
		A2B79C932035733800C50054 /* MyIOSApp */ = {
			isa = PBXGroup;
			children = (
				A2B79C942035733800C50054 /* AppDelegate.swift */,
				A2B79C962035733800C50054 /* FirstViewController.swift */,
				A2B79C982035733800C50054 /* SecondViewController.swift */,
				A2B79C9A2035733800C50054 /* Main.storyboard */,
				A2B79C9D2035733800C50054 /* Assets.xcassets */,
				A2B79C9F2035733800C50054 /* LaunchScreen.storyboard */,
				A2B79CA22035733800C50054 /* Info.plist */,
			);
			path = MyIOSApp;
			sourceTree = "<group>";
		};
		A2B79CAA2035733800C50054 /* MyIOSAppTests */ = {
			isa = PBXGroup;
			children = (
				A2B79CAB2035733800C50054 /* MyIOSAppTests.swift */,
				A2B79CAD2035733800C50054 /* Info.plist */,
			);
			path = MyIOSAppTests;
			sourceTree = "<group>";
		};
		A2B79CB52035733800C50054 /* MyIOSAppUITests */ = {
			isa = PBXGroup;
			children = (
				A2B79CB62035733800C50054 /* MyIOSAppUITests.swift */,
				A2B79CB82035733800C50054 /* Info.plist */,
			);
			path = MyIOSAppUITests;
			sourceTree = "<group>";
		};
/* End PBXGroup section */

/* Begin PBXNativeTarget section */
		A2B79C902035733800C50054 /* MyIOSApp */ = {
			isa = PBXNativeTarget;
			buildConfigurationList = A2B79CBB2035733800C50054 /* Build configuration list for PBXNativeTarget "MyIOSApp" */;
			buildPhases = (
				A2B79C8D2035733800C50054 /* Sources */,
				A2B79C8E2035733800C50054 /* Frameworks */,
				A2B79C8F2035733800C50054 /* Resources */,
			);
			buildRules = (
			);
			dependencies = (
			);
			name = MyIOSApp;
			productName = MyIOSApp;
			productReference = A2B79C912035733800C50054 /* MyIOSApp.app */;
			productType = "com.apple.product-type.application";
		};
		A2B79CA62035733800C50054 /* MyIOSAppTests */ = {
			isa = PBXNativeTarget;
			buildConfigurationList = A2B79CBE2035733800C50054 /* Build configuration list for PBXNativeTarget "MyIOSAppTests" */;
			buildPhases = (
				A2B79CA32035733800C50054 /* Sources */,
				A2B79CA42035733800C50054 /* Frameworks */,
				A2B79CA52035733800C50054 /* Resources */,
			);
			buildRules = (
			);
			dependencies = (
				A2B79CA92035733800C50054 /* PBXTargetDependency */,
			);
			name = MyIOSAppTests;
			productName = MyIOSAppTests;
			productReference = A2B79CA72035733800C50054 /* MyIOSAppTests.xctest */;
			productType = "com.apple.product-type.bundle.unit-test";
		};
		A2B79CB12035733800C50054 /* MyIOSAppUITests */ = {
			isa = PBXNativeTarget;
			buildConfigurationList = A2B79CC12035733800C50054 /* Build configuration list for PBXNativeTarget "MyIOSAppUITests" */;
			buildPhases = (
				A2B79CAE2035733800C50054 /* Sources */,
				A2B79CAF2035733800C50054 /* Frameworks */,
				A2B79CB02035733800C50054 /* Resources */,
			);
			buildRules = (
			);
			dependencies = (
				A2B79CB42035733800C50054 /* PBXTargetDependency */,
			);
			name = MyIOSAppUITests;
			productName = MyIOSAppUITests;
			productReference = A2B79CB22035733800C50054 /* MyIOSAppUITests.xctest */;
			productType = "com.apple.product-type.bundle.ui-testing";
		};
/* End PBXNativeTarget section */

/* Begin PBXProject section */
		A2B79C892035733800C50054 /* Project object */ = {
			isa = PBXProject;
			attributes = {
				LastSwiftUpdateCheck = 0920;
				LastUpgradeCheck = 0920;
				ORGANIZATIONNAME = Yunhao;
				TargetAttributes = {
					A2B79C902035733800C50054 = {
						CreatedOnToolsVersion = 9.2;
						ProvisioningStyle = Automatic;
					};
					A2B79CA62035733800C50054 = {
						CreatedOnToolsVersion = 9.2;
						ProvisioningStyle = Automatic;
						TestTargetID = A2B79C902035733800C50054;
					};
					A2B79CB12035733800C50054 = {
						CreatedOnToolsVersion = 9.2;
						ProvisioningStyle = Automatic;
						TestTargetID = A2B79C902035733800C50054;
					};
				};
			};
			buildConfigurationList = A2B79C8C2035733800C50054 /* Build configuration list for PBXProject "MyIOSApp" */;
			compatibilityVersion = "Xcode 8.0";
			developmentRegion = en;
			hasScannedForEncodings = 0;
			knownRegions = (
				en,
				Base,
			);
			mainGroup = A2B79C882035733800C50054;
			productRefGroup = A2B79C922035733800C50054 /* Products */;
			projectDirPath = "";
			projectRoot = "";
			targets = (
				A2B79C902035733800C50054 /* MyIOSApp */,
				A2B79CA62035733800C50054 /* MyIOSAppTests */,
				A2B79CB12035733800C50054 /* MyIOSAppUITests */,
			);
		};
/* End PBXProject section */

/* Begin PBXResourcesBuildPhase section */
		A2B79C8F2035733800C50054 /* Resources */ = {
			isa = PBXResourcesBuildPhase;
			buildActionMask = 2147483647;
			files = (
				A2B79CA12035733800C50054 /* LaunchScreen.storyboard in Resources */,
				A2B79C9E2035733800C50054 /* Assets.xcassets in Resources */,
				A2B79C9C2035733800C50054 /* Main.storyboard in Resources */,
			);
			runOnlyForDeploymentPostprocessing = 0;
		};
		A2B79CA52035733800C50054 /* Resources */ = {
			isa = PBXResourcesBuildPhase;
			buildActionMask = 2147483647;
			files = (
			);
			runOnlyForDeploymentPostprocessing = 0;
		};
		A2B79CB02035733800C50054 /* Resources */ = {
			isa = PBXResourcesBuildPhase;
			buildActionMask = 2147483647;
			files = (
			);
			runOnlyForDeploymentPostprocessing = 0;
		};
/* End PBXResourcesBuildPhase section */

/* Begin PBXSourcesBuildPhase section */
		A2B79C8D2035733800C50054 /* Sources */ = {
			isa = PBXSourcesBuildPhase;
			buildActionMask = 2147483647;
			files = (
				A2B79C992035733800C50054 /* SecondViewController.swift in Sources */,
				A2B79C952035733800C50054 /* AppDelegate.swift in Sources */,
				A2B79C972035733800C50054 /* FirstViewController.swift in Sources */,
			);
			runOnlyForDeploymentPostprocessing = 0;
		};
		A2B79CA32035733800C50054 /* Sources */ = {
			isa = PBXSourcesBuildPhase;
			buildActionMask = 2147483647;
			files = (
				A2B79CAC2035733800C50054 /* MyIOSAppTests.swift in Sources */,
			);
			runOnlyForDeploymentPostprocessing = 0;
		};
		A2B79CAE2035733800C50054 /* Sources */ = {
			isa = PBXSourcesBuildPhase;
			buildActionMask = 2147483647;
			files = (
				A2B79CB72035733800C50054 /* MyIOSAppUITests.swift in Sources */,
			);
			runOnlyForDeploymentPostprocessing = 0;
		};
/* End PBXSourcesBuildPhase section */

/* Begin PBXTargetDependency section */
		A2B79CA92035733800C50054 /* PBXTargetDependency */ = {
			isa = PBXTargetDependency;
			target = A2B79C902035733800C50054 /* MyIOSApp */;
			targetProxy = A2B79CA82035733800C50054 /* PBXContainerItemProxy */;
		};
		A2B79CB42035733800C50054 /* PBXTargetDependency */ = {
			isa = PBXTargetDependency;
			target = A2B79C902035733800C50054 /* MyIOSApp */;
			targetProxy = A2B79CB32035733800C50054 /* PBXContainerItemProxy */;
		};
/* End PBXTargetDependency section */

/* Begin PBXVariantGroup section */
		A2B79C9A2035733800C50054 /* Main.storyboard */ = {
			isa = PBXVariantGroup;
			children = (
				A2B79C9B2035733800C50054 /* Base */,
			);
			name = Main.storyboard;
			sourceTree = "<group>";
		};
		A2B79C9F2035733800C50054 /* LaunchScreen.storyboard */ = {
			isa = PBXVariantGroup;
			children = (
				A2B79CA02035733800C50054 /* Base */,
			);
			name = LaunchScreen.storyboard;
			sourceTree = "<group>";
		};
/* End PBXVariantGroup section */

/* Begin XCBuildConfiguration section */
		A2B79CB92035733800C50054 /* Debug */ = {
			isa = XCBuildConfiguration;
			buildSettings = {
				ALWAYS_SEARCH_USER_PATHS = NO;
				CLANG_ANALYZER_NONNULL = YES;
				CLANG_ANALYZER_NUMBER_OBJECT_CONVERSION = YES_AGGRESSIVE;
				CLANG_CXX_LANGUAGE_STANDARD = "gnu++14";
				CLANG_CXX_LIBRARY = "libc++";
				CLANG_ENABLE_MODULES = YES;
				CLANG_ENABLE_OBJC_ARC = YES;
				CLANG_WARN_BLOCK_CAPTURE_AUTORELEASING = YES;
				CLANG_WARN_BOOL_CONVERSION = YES;
				CLANG_WARN_COMMA = YES;
				CLANG_WARN_CONSTANT_CONVERSION = YES;
				CLANG_WARN_DIRECT_OBJC_ISA_USAGE = YES_ERROR;
				CLANG_WARN_DOCUMENTATION_COMMENTS = YES;
				CLANG_WARN_EMPTY_BODY = YES;
				CLANG_WARN_ENUM_CONVERSION = YES;
				CLANG_WARN_INFINITE_RECURSION = YES;
				CLANG_WARN_INT_CONVERSION = YES;
				CLANG_WARN_NON_LITERAL_NULL_CONVERSION = YES;
				CLANG_WARN_OBJC_LITERAL_CONVERSION = YES;
				CLANG_WARN_OBJC_ROOT_CLASS = YES_ERROR;
				CLANG_WARN_RANGE_LOOP_ANALYSIS = YES;
				CLANG_WARN_STRICT_PROTOTYPES = YES;
				CLANG_WARN_SUSPICIOUS_MOVE = YES;
				CLANG_WARN_UNGUARDED_AVAILABILITY = YES_AGGRESSIVE;
				CLANG_WARN_UNREACHABLE_CODE = YES;
				CLANG_WARN__DUPLICATE_METHOD_MATCH = YES;
				CODE_SIGN_IDENTITY = "iPhone Developer";
				COPY_PHASE_STRIP = NO;
				DEBUG_INFORMATION_FORMAT = dwarf;
				ENABLE_STRICT_OBJC_MSGSEND = YES;
				ENABLE_TESTABILITY = YES;
				GCC_C_LANGUAGE_STANDARD = gnu11;
				GCC_DYNAMIC_NO_PIC = NO;
				GCC_NO_COMMON_BLOCKS = YES;
				GCC_OPTIMIZATION_LEVEL = 0;
				GCC_PREPROCESSOR_DEFINITIONS = (
					"DEBUG=1",
					"$(inherited)",
				);
				GCC_WARN_64_TO_32_BIT_CONVERSION = YES;
				GCC_WARN_ABOUT_RETURN_TYPE = YES_ERROR;
				GCC_WARN_UNDECLARED_SELECTOR = YES;
				GCC_WARN_UNINITIALIZED_AUTOS = YES_AGGRESSIVE;
				GCC_WARN_UNUSED_FUNCTION = YES;
				GCC_WARN_UNUSED_VARIABLE = YES;
				IPHONEOS_DEPLOYMENT_TARGET = 11.2;
				MTL_ENABLE_DEBUG_INFO = YES;
				ONLY_ACTIVE_ARCH = YES;
				SDKROOT = iphoneos;
				SWIFT_ACTIVE_COMPILATION_CONDITIONS = DEBUG;
				SWIFT_OPTIMIZATION_LEVEL = "-Onone";
			};
			name = Debug;
		};
		A2B79CBA2035733800C50054 /* Release */ = {
			isa = XCBuildConfiguration;
			buildSettings = {
				ALWAYS_SEARCH_USER_PATHS = NO;
				CLANG_ANALYZER_NONNULL = YES;
				CLANG_ANALYZER_NUMBER_OBJECT_CONVERSION = YES_AGGRESSIVE;
				CLANG_CXX_LANGUAGE_STANDARD = "gnu++14";
				CLANG_CXX_LIBRARY = "libc++";
				CLANG_ENABLE_MODULES = YES;
				CLANG_ENABLE_OBJC_ARC = YES;
				CLANG_WARN_BLOCK_CAPTURE_AUTORELEASING = YES;
				CLANG_WARN_BOOL_CONVERSION = YES;
				CLANG_WARN_COMMA = YES;
				CLANG_WARN_CONSTANT_CONVERSION = YES;
				CLANG_WARN_DIRECT_OBJC_ISA_USAGE = YES_ERROR;
				CLANG_WARN_DOCUMENTATION_COMMENTS = YES;
				CLANG_WARN_EMPTY_BODY = YES;
				CLANG_WARN_ENUM_CONVERSION = YES;
				CLANG_WARN_INFINITE_RECURSION = YES;
				CLANG_WARN_INT_CONVERSION = YES;
				CLANG_WARN_NON_LITERAL_NULL_CONVERSION = YES;
				CLANG_WARN_OBJC_LITERAL_CONVERSION = YES;
				CLANG_WARN_OBJC_ROOT_CLASS = YES_ERROR;
				CLANG_WARN_RANGE_LOOP_ANALYSIS = YES;
				CLANG_WARN_STRICT_PROTOTYPES = YES;
				CLANG_WARN_SUSPICIOUS_MOVE = YES;
				CLANG_WARN_UNGUARDED_AVAILABILITY = YES_AGGRESSIVE;
				CLANG_WARN_UNREACHABLE_CODE = YES;
				CLANG_WARN__DUPLICATE_METHOD_MATCH = YES;
				CODE_SIGN_IDENTITY = "iPhone Developer";
				COPY_PHASE_STRIP = NO;
				DEBUG_INFORMATION_FORMAT = "dwarf-with-dsym";
				ENABLE_NS_ASSERTIONS = NO;
				ENABLE_STRICT_OBJC_MSGSEND = YES;
				GCC_C_LANGUAGE_STANDARD = gnu11;
				GCC_NO_COMMON_BLOCKS = YES;
				GCC_WARN_64_TO_32_BIT_CONVERSION = YES;
				GCC_WARN_ABOUT_RETURN_TYPE = YES_ERROR;
				GCC_WARN_UNDECLARED_SELECTOR = YES;
				GCC_WARN_UNINITIALIZED_AUTOS = YES_AGGRESSIVE;
				GCC_WARN_UNUSED_FUNCTION = YES;
				GCC_WARN_UNUSED_VARIABLE = YES;
				IPHONEOS_DEPLOYMENT_TARGET = 11.2;
				MTL_ENABLE_DEBUG_INFO = NO;
				SDKROOT = iphoneos;
				SWIFT_OPTIMIZATION_LEVEL = "-Owholemodule";
				VALIDATE_PRODUCT = YES;
			};
			name = Release;
		};
		A2B79CBC2035733800C50054 /* Debug */ = {
			isa = XCBuildConfiguration;
			buildSettings = {
				ASSETCATALOG_COMPILER_APPICON_NAME = AppIcon;
				CODE_SIGN_STYLE = Automatic;
				INFOPLIST_FILE = MyIOSApp/Info.plist;
				LD_RUNPATH_SEARCH_PATHS = "$(inherited) @executable_path/Frameworks";
				PRODUCT_BUNDLE_IDENTIFIER = com.yunhao.MyIOSApp;
				PRODUCT_NAME = "$(TARGET_NAME)";
				SWIFT_VERSION = 4.0;
				TARGETED_DEVICE_FAMILY = "1,2";
			};
			name = Debug;
		};
		A2B79CBD2035733800C50054 /* Release */ = {
			isa = XCBuildConfiguration;
			buildSettings = {
				ASSETCATALOG_COMPILER_APPICON_NAME = AppIcon;
				CODE_SIGN_STYLE = Automatic;
				INFOPLIST_FILE = MyIOSApp/Info.plist;
				LD_RUNPATH_SEARCH_PATHS = "$(inherited) @executable_path/Frameworks";
				PRODUCT_BUNDLE_IDENTIFIER = com.yunhao.MyIOSApp;
				PRODUCT_NAME = "$(TARGET_NAME)";
				SWIFT_VERSION = 4.0;
				TARGETED_DEVICE_FAMILY = "1,2";
			};
			name = Release;
		};
		A2B79CBF2035733800C50054 /* Debug */ = {
			isa = XCBuildConfiguration;
			buildSettings = {
				ALWAYS_EMBED_SWIFT_STANDARD_LIBRARIES = YES;
				BUNDLE_LOADER = "$(TEST_HOST)";
				CODE_SIGN_STYLE = Automatic;
				INFOPLIST_FILE = MyIOSAppTests/Info.plist;
				LD_RUNPATH_SEARCH_PATHS = "$(inherited) @executable_path/Frameworks @loader_path/Frameworks";
				PRODUCT_BUNDLE_IDENTIFIER = com.yunhao.MyIOSAppTests;
				PRODUCT_NAME = "$(TARGET_NAME)";
				SWIFT_VERSION = 4.0;
				TARGETED_DEVICE_FAMILY = "1,2";
				TEST_HOST = "$(BUILT_PRODUCTS_DIR)/MyIOSApp.app/MyIOSApp";
			};
			name = Debug;
		};
		A2B79CC02035733800C50054 /* Release */ = {
			isa = XCBuildConfiguration;
			buildSettings = {
				ALWAYS_EMBED_SWIFT_STANDARD_LIBRARIES = YES;
				BUNDLE_LOADER = "$(TEST_HOST)";
				CODE_SIGN_STYLE = Automatic;
				INFOPLIST_FILE = MyIOSAppTests/Info.plist;
				LD_RUNPATH_SEARCH_PATHS = "$(inherited) @executable_path/Frameworks @loader_path/Frameworks";
				PRODUCT_BUNDLE_IDENTIFIER = com.yunhao.MyIOSAppTests;
				PRODUCT_NAME = "$(TARGET_NAME)";
				SWIFT_VERSION = 4.0;
				TARGETED_DEVICE_FAMILY = "1,2";
				TEST_HOST = "$(BUILT_PRODUCTS_DIR)/MyIOSApp.app/MyIOSApp";
			};
			name = Release;
		};
		A2B79CC22035733800C50054 /* Debug */ = {
			isa = XCBuildConfiguration;
			buildSettings = {
				ALWAYS_EMBED_SWIFT_STANDARD_LIBRARIES = YES;
				CODE_SIGN_STYLE = Automatic;
				INFOPLIST_FILE = MyIOSAppUITests/Info.plist;
				LD_RUNPATH_SEARCH_PATHS = "$(inherited) @executable_path/Frameworks @loader_path/Frameworks";
				PRODUCT_BUNDLE_IDENTIFIER = com.yunhao.MyIOSAppUITests;
				PRODUCT_NAME = "$(TARGET_NAME)";
				SWIFT_VERSION = 4.0;
				TARGETED_DEVICE_FAMILY = "1,2";
				TEST_TARGET_NAME = MyIOSApp;
			};
			name = Debug;
		};
		A2B79CC32035733800C50054 /* Release */ = {
			isa = XCBuildConfiguration;
			buildSettings = {
				ALWAYS_EMBED_SWIFT_STANDARD_LIBRARIES = YES;
				CODE_SIGN_STYLE = Automatic;
				INFOPLIST_FILE = MyIOSAppUITests/Info.plist;
				LD_RUNPATH_SEARCH_PATHS = "$(inherited) @executable_path/Frameworks @loader_path/Frameworks";
				PRODUCT_BUNDLE_IDENTIFIER = com.yunhao.MyIOSAppUITests;
				PRODUCT_NAME = "$(TARGET_NAME)";
				SWIFT_VERSION = 4.0;
				TARGETED_DEVICE_FAMILY = "1,2";
				TEST_TARGET_NAME = MyIOSApp;
			};
			name = Release;
		};
/* End XCBuildConfiguration section */

/* Begin XCConfigurationList section */
		A2B79C8C2035733800C50054 /* Build configuration list for PBXProject "MyIOSApp" */ = {
			isa = XCConfigurationList;
			buildConfigurations = (
				A2B79CB92035733800C50054 /* Debug */,
				A2B79CBA2035733800C50054 /* Release */,
			);
			defaultConfigurationIsVisible = 0;
			defaultConfigurationName = Release;
		};
		A2B79CBB2035733800C50054 /* Build configuration list for PBXNativeTarget "MyIOSApp" */ = {
			isa = XCConfigurationList;
			buildConfigurations = (
				A2B79CBC2035733800C50054 /* Debug */,
				A2B79CBD2035733800C50054 /* Release */,
			);
			defaultConfigurationIsVisible = 0;
			defaultConfigurationName = Release;
		};
		A2B79CBE2035733800C50054 /* Build configuration list for PBXNativeTarget "MyIOSAppTests" */ = {
			isa = XCConfigurationList;
			buildConfigurations = (
				A2B79CBF2035733800C50054 /* Debug */,
				A2B79CC02035733800C50054 /* Release */,
			);
			defaultConfigurationIsVisible = 0;
			defaultConfigurationName = Release;
		};
		A2B79CC12035733800C50054 /* Build configuration list for PBXNativeTarget "MyIOSAppUITests" */ = {
			isa = XCConfigurationList;
			buildConfigurations = (
				A2B79CC22035733800C50054 /* Debug */,
				A2B79CC32035733800C50054 /* Release */,
			);
			defaultConfigurationIsVisible = 0;
			defaultConfigurationName = Release;
		};
/* End XCConfigurationList section */
	};
	rootObject = A2B79C892035733800C50054 /* Project object */;
}
